# This is a Gradle generated file for dependency locking.
# Manual edits can break the build and are not advised.
# This file is expected to be part of source control.
com.squareup.okio:okio:2.2.2
org.apache.commons:commons-lang3:3.8.1
org.apache.maven:maven-artifact:3.6.1
org.apache.maven:maven-builder-support:3.6.1
org.apache.maven:maven-model-builder:3.6.1
org.apache.maven:maven-model:3.6.1
org.codehaus.plexus:plexus-component-annotations:1.7.1
org.codehaus.plexus:plexus-interpolation:1.25
org.codehaus.plexus:plexus-utils:3.2.0
org.jetbrains.kotlin:kotlin-stdlib-common:1.2.60
org.jetbrains.kotlin:kotlin-stdlib:1.2.60
org.jetbrains:annotations:13.0
