# This is a Gradle generated file for dependency locking.
# Manual edits can break the build and are not advised.
# This file is expected to be part of source control.
com.christophsturm:filepeek:0.1.2=compatTestRuntimeClasspath
com.squareup.moshi:moshi:1.11.0=compatTestCompileClasspath,compatTestImplementationDependenciesMetadata,compatTestRuntimeClasspath,compileClasspath,default,implementationDependenciesMetadata,runtimeClasspath,testCompileClasspath,testImplementationDependenciesMetadata,testRuntimeClasspath
com.squareup.okio:okio-metadata:2.9.0=compatTestImplementationDependenciesMetadata
com.squareup.okio:okio:1.17.5=compileClasspath,default,implementationDependenciesMetadata,runtimeClasspath,testCompileClasspath,testImplementationDependenciesMetadata,testRuntimeClasspath
com.squareup.okio:okio:2.9.0=compatTestCompileClasspath,compatTestImplementationDependenciesMetadata,compatTestRuntimeClasspath
dev.minutest:minutest:1.11.0=compatTestCompileClasspath,compatTestImplementationDependenciesMetadata,compatTestRuntimeClasspath
io.github.classgraph:classgraph:4.8.28=compatTestRuntimeClasspath
io.javalin:javalin:3.12.0=compatTestCompileClasspath,compatTestImplementationDependenciesMetadata,compatTestRuntimeClasspath
io.strikt:strikt-core:0.28.1=compatTestCompileClasspath,compatTestImplementationDependenciesMetadata,compatTestRuntimeClasspath
javax.servlet:javax.servlet-api:3.1.0=compatTestCompileClasspath,compatTestImplementationDependenciesMetadata,compatTestRuntimeClasspath
net.swiftzer.semver:semver:1.1.1=compatTestRuntimeClasspath,default,runtimeClasspath,testRuntimeClasspath
org.apache.ivy:ivy:2.5.0=compileClasspath,default,implementationDependenciesMetadata,runtimeClasspath,testCompileClasspath,testImplementationDependenciesMetadata,testRuntimeClasspath
org.apache.maven:maven-repository-metadata:3.6.3=compileClasspath,default,implementationDependenciesMetadata,runtimeClasspath,testCompileClasspath,testImplementationDependenciesMetadata,testRuntimeClasspath
org.apiguardian:apiguardian-api:1.1.0=compatTestCompileClasspath,compatTestImplementationDependenciesMetadata,compatTestRuntimeClasspath,compatTestRuntimeOnlyDependenciesMetadata
org.codehaus.plexus:plexus-utils:3.2.1=compileClasspath,default,implementationDependenciesMetadata,runtimeClasspath,testCompileClasspath,testImplementationDependenciesMetadata,testRuntimeClasspath
org.eclipse.jetty.websocket:websocket-api:9.4.31.v20200723=compatTestCompileClasspath,compatTestImplementationDependenciesMetadata,compatTestRuntimeClasspath
org.eclipse.jetty.websocket:websocket-client:9.4.31.v20200723=compatTestCompileClasspath,compatTestImplementationDependenciesMetadata,compatTestRuntimeClasspath
org.eclipse.jetty.websocket:websocket-common:9.4.31.v20200723=compatTestCompileClasspath,compatTestImplementationDependenciesMetadata,compatTestRuntimeClasspath
org.eclipse.jetty.websocket:websocket-server:9.4.31.v20200723=compatTestCompileClasspath,compatTestImplementationDependenciesMetadata,compatTestRuntimeClasspath
org.eclipse.jetty.websocket:websocket-servlet:9.4.31.v20200723=compatTestCompileClasspath,compatTestImplementationDependenciesMetadata,compatTestRuntimeClasspath
org.eclipse.jetty:jetty-client:9.4.31.v20200723=compatTestCompileClasspath,compatTestImplementationDependenciesMetadata,compatTestRuntimeClasspath
org.eclipse.jetty:jetty-http:9.4.31.v20200723=compatTestCompileClasspath,compatTestImplementationDependenciesMetadata,compatTestRuntimeClasspath
org.eclipse.jetty:jetty-io:9.4.31.v20200723=compatTestCompileClasspath,compatTestImplementationDependenciesMetadata,compatTestRuntimeClasspath
org.eclipse.jetty:jetty-security:9.4.31.v20200723=compatTestCompileClasspath,compatTestImplementationDependenciesMetadata,compatTestRuntimeClasspath
org.eclipse.jetty:jetty-server:9.4.31.v20200723=compatTestCompileClasspath,compatTestImplementationDependenciesMetadata,compatTestRuntimeClasspath
org.eclipse.jetty:jetty-servlet:9.4.31.v20200723=compatTestCompileClasspath,compatTestImplementationDependenciesMetadata,compatTestRuntimeClasspath
org.eclipse.jetty:jetty-util:9.4.31.v20200723=compatTestCompileClasspath,compatTestImplementationDependenciesMetadata,compatTestRuntimeClasspath
org.eclipse.jetty:jetty-webapp:9.4.31.v20200723=compatTestCompileClasspath,compatTestImplementationDependenciesMetadata,compatTestRuntimeClasspath
org.eclipse.jetty:jetty-xml:9.4.31.v20200723=compatTestCompileClasspath,compatTestImplementationDependenciesMetadata,compatTestRuntimeClasspath
org.gradle:gradle-tooling-api:6.8-rc-1=compileClasspath,compileOnly,compileOnlyDependenciesMetadata
org.jetbrains.intellij.deps:trove4j:1.0.20181211=kotlinCompilerClasspath,kotlinKlibCommonizerClasspath
org.jetbrains.kotlin:kotlin-compiler-embeddable:1.4.20=kotlinCompilerClasspath,kotlinKlibCommonizerClasspath
org.jetbrains.kotlin:kotlin-daemon-embeddable:1.4.20=kotlinCompilerClasspath,kotlinKlibCommonizerClasspath
org.jetbrains.kotlin:kotlin-gradle-plugin-api:1.4.20=kotlinCompilerPluginClasspath
org.jetbrains.kotlin:kotlin-gradle-plugin-model:1.4.20=kotlinCompilerPluginClasspath
org.jetbrains.kotlin:kotlin-klib-commonizer-embeddable:1.4.20=kotlinKlibCommonizerClasspath
org.jetbrains.kotlin:kotlin-reflect:1.4.20=compatTestCompileClasspath,compatTestImplementationDependenciesMetadata,compatTestRuntimeClasspath,compileClasspath,compileOnly,compileOnlyDependenciesMetadata,embeddedKotlin,kotlinCompilerClasspath,kotlinKlibCommonizerClasspath,testCompileClasspath,testImplementationDependenciesMetadata,testRuntimeClasspath
org.jetbrains.kotlin:kotlin-sam-with-receiver:1.4.20=kotlinCompilerPluginClasspath
org.jetbrains.kotlin:kotlin-script-runtime:1.4.20=kotlinCompilerClasspath,kotlinCompilerPluginClasspath,kotlinKlibCommonizerClasspath
org.jetbrains.kotlin:kotlin-scripting-common:1.4.20=kotlinCompilerPluginClasspath
org.jetbrains.kotlin:kotlin-scripting-compiler-embeddable:1.4.20=kotlinCompilerPluginClasspath
org.jetbrains.kotlin:kotlin-scripting-compiler-impl-embeddable:1.4.20=kotlinCompilerPluginClasspath
org.jetbrains.kotlin:kotlin-scripting-jvm:1.4.20=kotlinCompilerPluginClasspath
org.jetbrains.kotlin:kotlin-stdlib-common:1.4.20=compatTestCompileClasspath,compatTestImplementationDependenciesMetadata,compatTestRuntimeClasspath,compileClasspath,compileOnly,compileOnlyDependenciesMetadata,embeddedKotlin,kotlinCompilerClasspath,kotlinCompilerPluginClasspath,kotlinKlibCommonizerClasspath,testCompileClasspath,testImplementationDependenciesMetadata,testRuntimeClasspath
org.jetbrains.kotlin:kotlin-stdlib-jdk7:1.4.20=compatTestCompileClasspath,compatTestImplementationDependenciesMetadata,compatTestRuntimeClasspath,compileClasspath,compileOnly,compileOnlyDependenciesMetadata,embeddedKotlin,testCompileClasspath,testImplementationDependenciesMetadata,testRuntimeClasspath
org.jetbrains.kotlin:kotlin-stdlib-jdk8:1.4.20=compatTestCompileClasspath,compatTestImplementationDependenciesMetadata,compatTestRuntimeClasspath,compileClasspath,compileOnly,compileOnlyDependenciesMetadata,embeddedKotlin,testCompileClasspath,testImplementationDependenciesMetadata,testRuntimeClasspath
org.jetbrains.kotlin:kotlin-stdlib:1.4.20=compatTestCompileClasspath,compatTestImplementationDependenciesMetadata,compatTestRuntimeClasspath,compileClasspath,compileOnly,compileOnlyDependenciesMetadata,embeddedKotlin,kotlinCompilerClasspath,kotlinCompilerPluginClasspath,kotlinKlibCommonizerClasspath,testCompileClasspath,testImplementationDependenciesMetadata,testRuntimeClasspath
org.jetbrains.kotlin:kotlin-test-annotations-common:1.4.20=compatTestCompileClasspath,compatTestImplementationDependenciesMetadata,compatTestRuntimeClasspath
org.jetbrains.kotlin:kotlin-test-common:1.4.20=compatTestCompileClasspath,compatTestImplementationDependenciesMetadata,compatTestRuntimeClasspath
org.jetbrains.kotlin:kotlin-test-junit5:1.4.20=compatTestCompileClasspath,compatTestImplementationDependenciesMetadata,compatTestRuntimeClasspath
org.jetbrains.kotlin:kotlin-test:1.4.20=compatTestCompileClasspath,compatTestImplementationDependenciesMetadata,compatTestRuntimeClasspath
org.jetbrains.kotlinx:kotlinx-coroutines-core-jvm:1.4.2=compatTestRuntimeClasspath
org.jetbrains.kotlinx:kotlinx-coroutines-core:1.3.7=kotlinCompilerPluginClasspath
org.jetbrains.kotlinx:kotlinx-coroutines-core:1.4.2=compatTestRuntimeClasspath
org.jetbrains:annotations:13.0=compatTestCompileClasspath,compatTestImplementationDependenciesMetadata,compatTestRuntimeClasspath,compileClasspath,compileOnly,compileOnlyDependenciesMetadata,embeddedKotlin,kotlinCompilerClasspath,kotlinCompilerPluginClasspath,kotlinKlibCommonizerClasspath,testCompileClasspath,testImplementationDependenciesMetadata,testRuntimeClasspath
org.junit.jupiter:junit-jupiter-api:5.7.0=compatTestCompileClasspath,compatTestImplementationDependenciesMetadata,compatTestRuntimeClasspath,compatTestRuntimeOnlyDependenciesMetadata
org.junit.jupiter:junit-jupiter-engine:5.7.0=compatTestRuntimeClasspath,compatTestRuntimeOnlyDependenciesMetadata
org.junit.jupiter:junit-jupiter-params:5.7.0=compatTestCompileClasspath,compatTestImplementationDependenciesMetadata,compatTestRuntimeClasspath
org.junit.platform:junit-platform-commons:1.7.0=compatTestCompileClasspath,compatTestImplementationDependenciesMetadata,compatTestRuntimeClasspath,compatTestRuntimeOnlyDependenciesMetadata
org.junit.platform:junit-platform-engine:1.7.0=compatTestRuntimeClasspath,compatTestRuntimeOnlyDependenciesMetadata
org.junit.platform:junit-platform-launcher:1.7.0=compatTestRuntimeClasspath,compatTestRuntimeOnlyDependenciesMetadata
org.junit:junit-bom:5.7.0=compatTestCompileClasspath,compatTestImplementationDependenciesMetadata,compatTestRuntimeClasspath,compatTestRuntimeOnlyDependenciesMetadata
org.opentest4j:opentest4j:1.2.0=compatTestCompileClasspath,compatTestImplementationDependenciesMetadata,compatTestRuntimeClasspath,compatTestRuntimeOnlyDependenciesMetadata
org.slf4j:slf4j-api:1.7.28=compileClasspath,compileOnly,compileOnlyDependenciesMetadata
org.slf4j:slf4j-api:1.7.30=compatTestCompileClasspath,compatTestImplementationDependenciesMetadata,compatTestRuntimeClasspath
empty=annotationProcessor,apiDependenciesMetadata,archives,compatTestAnnotationProcessor,compatTestApiDependenciesMetadata,compatTestCompile,compatTestCompileOnly,compatTestCompileOnlyDependenciesMetadata,compatTestKotlinScriptDef,compatTestKotlinScriptDefExtensions,compatTestRuntime,compile,kotlinNativeCompilerPluginClasspath,kotlinScriptDef,kotlinScriptDefExtensions,runtime,runtimeOnlyDependenciesMetadata,shadow,testAnnotationProcessor,testApiDependenciesMetadata,testCompile,testCompileOnly,testCompileOnlyDependenciesMetadata,testKotlinScriptDef,testKotlinScriptDefExtensions,testRuntime,testRuntimeOnlyDependenciesMetadata
