# This is a Gradle generated file for dependency locking.
# Manual edits can break the build and are not advised.
# This file is expected to be part of source control.
com.fasterxml.jackson.core:jackson-annotations:2.12.1
com.fasterxml.jackson.core:jackson-core:2.12.1
com.fasterxml.jackson.core:jackson-databind:2.12.1
com.fasterxml.jackson:jackson-bom:2.12.1
com.github.gundy:semver4j:0.16.4
com.github.jengelman.gradle.plugins:shadow:6.1.0
com.github.johnrengelman.shadow:com.github.johnrengelman.shadow.gradle.plugin:6.1.0
com.google.code.gson:gson:2.8.6
commons-io:commons-io:2.6
de.undercouch:gradle-download-task:4.0.2
org.ajoberstar.stutter:org.ajoberstar.stutter.gradle.plugin:0.6.0
org.ajoberstar:gradle-stutter:0.6.0
org.antlr:antlr4-runtime:4.5.2-1
org.apache.ant:ant-launcher:1.9.7
org.apache.ant:ant:1.9.7
org.apache.logging.log4j:log4j-api:2.13.3
org.apache.logging.log4j:log4j-core:2.13.3
org.codehaus.plexus:plexus-utils:3.0.24
org.jdom:jdom2:2.0.6
org.jetbrains.intellij.deps:trove4j:1.0.20181211
org.jetbrains.kotlin.jvm:org.jetbrains.kotlin.jvm.gradle.plugin:1.4.20
org.jetbrains.kotlin.kapt:org.jetbrains.kotlin.kapt.gradle.plugin:1.4.20
org.jetbrains.kotlin:kotlin-android-extensions:1.4.20
org.jetbrains.kotlin:kotlin-annotation-processing-gradle:1.4.20
org.jetbrains.kotlin:kotlin-build-common:1.4.20
org.jetbrains.kotlin:kotlin-compiler-embeddable:1.4.20
org.jetbrains.kotlin:kotlin-compiler-runner:1.4.20
org.jetbrains.kotlin:kotlin-daemon-client:1.4.20
org.jetbrains.kotlin:kotlin-daemon-embeddable:1.4.20
org.jetbrains.kotlin:kotlin-gradle-plugin-api:1.4.20
org.jetbrains.kotlin:kotlin-gradle-plugin-model:1.4.20
org.jetbrains.kotlin:kotlin-gradle-plugin:1.4.20
org.jetbrains.kotlin:kotlin-reflect:1.4.20
org.jetbrains.kotlin:kotlin-script-runtime:1.4.20
org.jetbrains.kotlin:kotlin-scripting-common:1.4.20
org.jetbrains.kotlin:kotlin-scripting-compiler-embeddable:1.4.20
org.jetbrains.kotlin:kotlin-scripting-compiler-impl-embeddable:1.4.20
org.jetbrains.kotlin:kotlin-scripting-jvm:1.4.20
org.jetbrains.kotlin:kotlin-stdlib-common:1.4.20
org.jetbrains.kotlin:kotlin-stdlib:1.4.20
org.jetbrains.kotlin:kotlin-util-io:1.4.20
org.jetbrains.kotlin:kotlin-util-klib:1.4.20
org.jetbrains.kotlinx:kotlinx-coroutines-core:1.3.7
org.jetbrains:annotations:13.0
org.ow2.asm:asm-analysis:9.0
org.ow2.asm:asm-commons:9.0
org.ow2.asm:asm-tree:9.0
org.ow2.asm:asm:9.0
org.vafer:jdependency:2.1.1
